
Microsoft Visual Studio Solution File, Format Version 12.00
# Visual Studio Version 17
VisualStudioVersion = 17.8.34408.163
MinimumVisualStudioVersion = 10.0.40219.1
Project("{FAE04EC0-301F-11D3-BF4B-00C04F79EFBC}") = "08_palautus_ArrayLotto", "08_palautus_ArrayLotto.csproj", "{6DF968F3-A3DC-4032-B626-60818EA45E63}"
EndProject
Global
	GlobalSection(SolutionConfigurationPlatforms) = preSolution
		Debug|Any CPU = Debug|Any CPU
		Release|Any CPU = Release|Any CPU
	EndGlobalSection
	GlobalSection(ProjectConfigurationPlatforms) = postSolution
		{6DF968F3-A3DC-4032-B626-60818EA45E63}.Debug|Any CPU.ActiveCfg = Debug|Any CPU
		{6DF968F3-A3DC-4032-B626-60818EA45E63}.Debug|Any CPU.Build.0 = Debug|Any CPU
		{6DF968F3-A3DC-4032-B626-60818EA45E63}.Release|Any CPU.ActiveCfg = Release|Any CPU
		{6DF968F3-A3DC-4032-B626-60818EA45E63}.Release|Any CPU.Build.0 = Release|Any CPU
	EndGlobalSection
	GlobalSection(SolutionProperties) = preSolution
		HideSolutionNode = FALSE
	EndGlobalSection
	GlobalSection(ExtensibilityGlobals) = postSolution
		SolutionGuid = {919FB944-BC04-4448-832B-CF243FB2EA87}
	EndGlobalSection
EndGlobal
