
Microsoft Visual Studio Solution File, Format Version 12.00
# Visual Studio Version 17
VisualStudioVersion = 17.8.34408.163
MinimumVisualStudioVersion = 10.0.40219.1
Project("{FAE04EC0-301F-11D3-BF4B-00C04F79EFBC}") = "09_palautus_ListjaForeach", "09_palautus_ListjaForeach.csproj", "{EEF3728C-55D1-436C-8110-001A2AB87DA0}"
EndProject
Global
	GlobalSection(SolutionConfigurationPlatforms) = preSolution
		Debug|Any CPU = Debug|Any CPU
		Release|Any CPU = Release|Any CPU
	EndGlobalSection
	GlobalSection(ProjectConfigurationPlatforms) = postSolution
		{EEF3728C-55D1-436C-8110-001A2AB87DA0}.Debug|Any CPU.ActiveCfg = Debug|Any CPU
		{EEF3728C-55D1-436C-8110-001A2AB87DA0}.Debug|Any CPU.Build.0 = Debug|Any CPU
		{EEF3728C-55D1-436C-8110-001A2AB87DA0}.Release|Any CPU.ActiveCfg = Release|Any CPU
		{EEF3728C-55D1-436C-8110-001A2AB87DA0}.Release|Any CPU.Build.0 = Release|Any CPU
	EndGlobalSection
	GlobalSection(SolutionProperties) = preSolution
		HideSolutionNode = FALSE
	EndGlobalSection
	GlobalSection(ExtensibilityGlobals) = postSolution
		SolutionGuid = {93AD15C3-4051-4E4B-B867-2368EFB9785C}
	EndGlobalSection
EndGlobal
